
Microsoft Visual Studio Solution File, Format Version 12.00
# Visual Studio Version 17
VisualStudioVersion = 17.3.32825.248
MinimumVisualStudioVersion = 10.0.40219.1
Project("{FAE04EC0-301F-11D3-BF4B-00C04F79EFBC}") = "NewAgency", "NewAgency\NewAgency.csproj", "{18D41C68-4DAF-43B6-B5B4-9F32B3F04AF1}"
EndProject
Global
	GlobalSection(SolutionConfigurationPlatforms) = preSolution
		Debug|Any CPU = Debug|Any CPU
		Release|Any CPU = Release|Any CPU
	EndGlobalSection
	GlobalSection(ProjectConfigurationPlatforms) = postSolution
		{18D41C68-4DAF-43B6-B5B4-9F32B3F04AF1}.Debug|Any CPU.ActiveCfg = Debug|Any CPU
		{18D41C68-4DAF-43B6-B5B4-9F32B3F04AF1}.Debug|Any CPU.Build.0 = Debug|Any CPU
		{18D41C68-4DAF-43B6-B5B4-9F32B3F04AF1}.Release|Any CPU.ActiveCfg = Release|Any CPU
		{18D41C68-4DAF-43B6-B5B4-9F32B3F04AF1}.Release|Any CPU.Build.0 = Release|Any CPU
	EndGlobalSection
	GlobalSection(SolutionProperties) = preSolution
		HideSolutionNode = FALSE
	EndGlobalSection
	GlobalSection(ExtensibilityGlobals) = postSolution
		SolutionGuid = {0CBA388A-761E-4BA8-965F-13AA6BDB87A2}
	EndGlobalSection
EndGlobal
